{
  "requires": true,
  "lockfileVersion": 1,
  "dependencies": {
    "three-pathfinding": {
      "version": "0.12.1",
      "resolved": "https://registry.npmjs.org/three-pathfinding/-/three-pathfinding-0.12.1.tgz",
      "integrity": "sha512-9xlydK+kkjL8PxuXh1OhtOyMrrd76HfWIYkhqv8kQBm4xHY5feCVZqyfCOcOrSEAldh3tlyj48SSJAFnc5rPmw=="
    }
  }
}
